// !$*UTF8*$!
{
	archiveVersion = 1;
	classes = {
	};
	objectVersion = 56;
	objects = {

/* Begin PBXBuildFile section */
		A24BF4012AB33D8B004C9205 /* AppDelegate.swift in Sources */ = {isa = PBXBuildFile; fileRef = A24BF4002AB33D8B004C9205 /* AppDelegate.swift */; };
		A24BF4032AB33D8B004C9205 /* SceneDelegate.swift in Sources */ = {isa = PBXBuildFile; fileRef = A24BF4022AB33D8B004C9205 /* SceneDelegate.swift */; };
		A24BF4052AB33D8B004C9205 /* ViewController.swift in Sources */ = {isa = PBXBuildFile; fileRef = A24BF4042AB33D8B004C9205 /* ViewController.swift */; };
		A24BF4082AB33D8B004C9205 /* Main.storyboard in Resources */ = {isa = PBXBuildFile; fileRef = A24BF4062AB33D8B004C9205 /* Main.storyboard */; };
		A24BF40A2AB33D8D004C9205 /* Assets.xcassets in Resources */ = {isa = PBXBuildFile; fileRef = A24BF4092AB33D8D004C9205 /* Assets.xcassets */; };
		A24BF40D2AB33D8D004C9205 /* LaunchScreen.storyboard in Resources */ = {isa = PBXBuildFile; fileRef = A24BF40B2AB33D8D004C9205 /* LaunchScreen.storyboard */; };
		A24BF4152AB33E25004C9205 /* Model.swift in Sources */ = {isa = PBXBuildFile; fileRef = A24BF4142AB33E25004C9205 /* Model.swift */; };
		A24BF4182AB34049004C9205 /* CustomCell.swift in Sources */ = {isa = PBXBuildFile; fileRef = A24BF4162AB34049004C9205 /* CustomCell.swift */; };
		A24BF4192AB34049004C9205 /* CustomCell.xib in Resources */ = {isa = PBXBuildFile; fileRef = A24BF4172AB34049004C9205 /* CustomCell.xib */; };
/* End PBXBuildFile section */

/* Begin PBXFileReference section */
		A24BF3FD2AB33D8B004C9205 /* SnapshotProblem.app */ = {isa = PBXFileReference; explicitFileType = wrapper.application; includeInIndex = 0; path = SnapshotProblem.app; sourceTree = BUILT_PRODUCTS_DIR; };
		A24BF4002AB33D8B004C9205 /* AppDelegate.swift */ = {isa = PBXFileReference; lastKnownFileType = sourcecode.swift; path = AppDelegate.swift; sourceTree = "<group>"; };
		A24BF4022AB33D8B004C9205 /* SceneDelegate.swift */ = {isa = PBXFileReference; lastKnownFileType = sourcecode.swift; path = SceneDelegate.swift; sourceTree = "<group>"; };
		A24BF4042AB33D8B004C9205 /* ViewController.swift */ = {isa = PBXFileReference; lastKnownFileType = sourcecode.swift; path = ViewController.swift; sourceTree = "<group>"; };
		A24BF4072AB33D8B004C9205 /* Base */ = {isa = PBXFileReference; lastKnownFileType = file.storyboard; name = Base; path = Base.lproj/Main.storyboard; sourceTree = "<group>"; };
		A24BF4092AB33D8D004C9205 /* Assets.xcassets */ = {isa = PBXFileReference; lastKnownFileType = folder.assetcatalog; path = Assets.xcassets; sourceTree = "<group>"; };
		A24BF40C2AB33D8D004C9205 /* Base */ = {isa = PBXFileReference; lastKnownFileType = file.storyboard; name = Base; path = Base.lproj/LaunchScreen.storyboard; sourceTree = "<group>"; };
		A24BF40E2AB33D8D004C9205 /* Info.plist */ = {isa = PBXFileReference; lastKnownFileType = text.plist.xml; path = Info.plist; sourceTree = "<group>"; };
		A24BF4142AB33E25004C9205 /* Model.swift */ = {isa = PBXFileReference; lastKnownFileType = sourcecode.swift; path = Model.swift; sourceTree = "<group>"; };
		A24BF4162AB34049004C9205 /* CustomCell.swift */ = {isa = PBXFileReference; lastKnownFileType = sourcecode.swift; path = CustomCell.swift; sourceTree = "<group>"; };
		A24BF4172AB34049004C9205 /* CustomCell.xib */ = {isa = PBXFileReference; lastKnownFileType = file.xib; path = CustomCell.xib; sourceTree = "<group>"; };
/* End PBXFileReference section */

/* Begin PBXFrameworksBuildPhase section */
		A24BF3FA2AB33D8B004C9205 /* Frameworks */ = {
			isa = PBXFrameworksBuildPhase;
			buildActionMask = 2147483647;
			files = (
			);
			runOnlyForDeploymentPostprocessing = 0;
		};
/* End PBXFrameworksBuildPhase section */

/* Begin PBXGroup section */
		A24BF3F42AB33D8B004C9205 = {
			isa = PBXGroup;
			children = (
				A24BF3FF2AB33D8B004C9205 /* SnapshotProblem */,
				A24BF3FE2AB33D8B004C9205 /* Products */,
			);
			sourceTree = "<group>";
		};
		A24BF3FE2AB33D8B004C9205 /* Products */ = {
			isa = PBXGroup;
			children = (
				A24BF3FD2AB33D8B004C9205 /* SnapshotProblem.app */,
			);
			name = Products;
			sourceTree = "<group>";
		};
		A24BF3FF2AB33D8B004C9205 /* SnapshotProblem */ = {
			isa = PBXGroup;
			children = (
				A24BF4002AB33D8B004C9205 /* AppDelegate.swift */,
				A24BF4022AB33D8B004C9205 /* SceneDelegate.swift */,
				A24BF4042AB33D8B004C9205 /* ViewController.swift */,
				A24BF4162AB34049004C9205 /* CustomCell.swift */,
				A24BF4172AB34049004C9205 /* CustomCell.xib */,
				A24BF4142AB33E25004C9205 /* Model.swift */,
				A24BF4062AB33D8B004C9205 /* Main.storyboard */,
				A24BF4092AB33D8D004C9205 /* Assets.xcassets */,
				A24BF40B2AB33D8D004C9205 /* LaunchScreen.storyboard */,
				A24BF40E2AB33D8D004C9205 /* Info.plist */,
			);
			path = SnapshotProblem;
			sourceTree = "<group>";
		};
/* End PBXGroup section */

/* Begin PBXNativeTarget section */
		A24BF3FC2AB33D8B004C9205 /* SnapshotProblem */ = {
			isa = PBXNativeTarget;
			buildConfigurationList = A24BF4112AB33D8D004C9205 /* Build configuration list for PBXNativeTarget "SnapshotProblem" */;
			buildPhases = (
				A24BF3F92AB33D8B004C9205 /* Sources */,
				A24BF3FA2AB33D8B004C9205 /* Frameworks */,
				A24BF3FB2AB33D8B004C9205 /* Resources */,
			);
			buildRules = (
			);
			dependencies = (
			);
			name = SnapshotProblem;
			productName = SnapshotProblem;
			productReference = A24BF3FD2AB33D8B004C9205 /* SnapshotProblem.app */;
			productType = "com.apple.product-type.application";
		};
/* End PBXNativeTarget section */

/* Begin PBXProject section */
		A24BF3F52AB33D8B004C9205 /* Project object */ = {
			isa = PBXProject;
			attributes = {
				BuildIndependentTargetsInParallel = 1;
				LastSwiftUpdateCheck = 1430;
				LastUpgradeCheck = 1430;
				TargetAttributes = {
					A24BF3FC2AB33D8B004C9205 = {
						CreatedOnToolsVersion = 14.3.1;
					};
				};
			};
			buildConfigurationList = A24BF3F82AB33D8B004C9205 /* Build configuration list for PBXProject "SnapshotProblem" */;
			compatibilityVersion = "Xcode 14.0";
			developmentRegion = en;
			hasScannedForEncodings = 0;
			knownRegions = (
				en,
				Base,
			);
			mainGroup = A24BF3F42AB33D8B004C9205;
			productRefGroup = A24BF3FE2AB33D8B004C9205 /* Products */;
			projectDirPath = "";
			projectRoot = "";
			targets = (
				A24BF3FC2AB33D8B004C9205 /* SnapshotProblem */,
			);
		};
/* End PBXProject section */

/* Begin PBXResourcesBuildPhase section */
		A24BF3FB2AB33D8B004C9205 /* Resources */ = {
			isa = PBXResourcesBuildPhase;
			buildActionMask = 2147483647;
			files = (
				A24BF40D2AB33D8D004C9205 /* LaunchScreen.storyboard in Resources */,
				A24BF40A2AB33D8D004C9205 /* Assets.xcassets in Resources */,
				A24BF4192AB34049004C9205 /* CustomCell.xib in Resources */,
				A24BF4082AB33D8B004C9205 /* Main.storyboard in Resources */,
			);
			runOnlyForDeploymentPostprocessing = 0;
		};
/* End PBXResourcesBuildPhase section */

/* Begin PBXSourcesBuildPhase section */
		A24BF3F92AB33D8B004C9205 /* Sources */ = {
			isa = PBXSourcesBuildPhase;
			buildActionMask = 2147483647;
			files = (
				A24BF4052AB33D8B004C9205 /* ViewController.swift in Sources */,
				A24BF4012AB33D8B004C9205 /* AppDelegate.swift in Sources */,
				A24BF4182AB34049004C9205 /* CustomCell.swift in Sources */,
				A24BF4032AB33D8B004C9205 /* SceneDelegate.swift in Sources */,
				A24BF4152AB33E25004C9205 /* Model.swift in Sources */,
			);
			runOnlyForDeploymentPostprocessing = 0;
		};
/* End PBXSourcesBuildPhase section */

/* Begin PBXVariantGroup section */
		A24BF4062AB33D8B004C9205 /* Main.storyboard */ = {
			isa = PBXVariantGroup;
			children = (
				A24BF4072AB33D8B004C9205 /* Base */,
			);
			name = Main.storyboard;
			sourceTree = "<group>";
		};
		A24BF40B2AB33D8D004C9205 /* LaunchScreen.storyboard */ = {
			isa = PBXVariantGroup;
			children = (
				A24BF40C2AB33D8D004C9205 /* Base */,
			);
			name = LaunchScreen.storyboard;
			sourceTree = "<group>";
		};
/* End PBXVariantGroup section */

/* Begin XCBuildConfiguration section */
		A24BF40F2AB33D8D004C9205 /* Debug */ = {
			isa = XCBuildConfiguration;
			buildSettings = {
				ALWAYS_SEARCH_USER_PATHS = NO;
				CLANG_ANALYZER_NONNULL = YES;
				CLANG_ANALYZER_NUMBER_OBJECT_CONVERSION = YES_AGGRESSIVE;
				CLANG_CXX_LANGUAGE_STANDARD = "gnu++20";
				CLANG_ENABLE_MODULES = YES;
				CLANG_ENABLE_OBJC_ARC = YES;
				CLANG_ENABLE_OBJC_WEAK = YES;
				CLANG_WARN_BLOCK_CAPTURE_AUTORELEASING = YES;
				CLANG_WARN_BOOL_CONVERSION = YES;
				CLANG_WARN_COMMA = YES;
				CLANG_WARN_CONSTANT_CONVERSION = YES;
				CLANG_WARN_DEPRECATED_OBJC_IMPLEMENTATIONS = YES;
				CLANG_WARN_DIRECT_OBJC_ISA_USAGE = YES_ERROR;
				CLANG_WARN_DOCUMENTATION_COMMENTS = YES;
				CLANG_WARN_EMPTY_BODY = YES;
				CLANG_WARN_ENUM_CONVERSION = YES;
				CLANG_WARN_INFINITE_RECURSION = YES;
				CLANG_WARN_INT_CONVERSION = YES;
				CLANG_WARN_NON_LITERAL_NULL_CONVERSION = YES;
				CLANG_WARN_OBJC_IMPLICIT_RETAIN_SELF = YES;
				CLANG_WARN_OBJC_LITERAL_CONVERSION = YES;
				CLANG_WARN_OBJC_ROOT_CLASS = YES_ERROR;
				CLANG_WARN_QUOTED_INCLUDE_IN_FRAMEWORK_HEADER = YES;
				CLANG_WARN_RANGE_LOOP_ANALYSIS = YES;
				CLANG_WARN_STRICT_PROTOTYPES = YES;
				CLANG_WARN_SUSPICIOUS_MOVE = YES;
				CLANG_WARN_UNGUARDED_AVAILABILITY = YES_AGGRESSIVE;
				CLANG_WARN_UNREACHABLE_CODE = YES;
				CLANG_WARN__DUPLICATE_METHOD_MATCH = YES;
				COPY_PHASE_STRIP = NO;
				DEBUG_INFORMATION_FORMAT = dwarf;
				ENABLE_STRICT_OBJC_MSGSEND = YES;
				ENABLE_TESTABILITY = YES;
				GCC_C_LANGUAGE_STANDARD = gnu11;
				GCC_DYNAMIC_NO_PIC = NO;
				GCC_NO_COMMON_BLOCKS = YES;
				GCC_OPTIMIZATION_LEVEL = 0;
				GCC_PREPROCESSOR_DEFINITIONS = (
					"DEBUG=1",
					"$(inherited)",
				);
				GCC_WARN_64_TO_32_BIT_CONVERSION = YES;
				GCC_WARN_ABOUT_RETURN_TYPE = YES_ERROR;
				GCC_WARN_UNDECLARED_SELECTOR = YES;
				GCC_WARN_UNINITIALIZED_AUTOS = YES_AGGRESSIVE;
				GCC_WARN_UNUSED_FUNCTION = YES;
				GCC_WARN_UNUSED_VARIABLE = YES;
				IPHONEOS_DEPLOYMENT_TARGET = 16.4;
				MTL_ENABLE_DEBUG_INFO = INCLUDE_SOURCE;
				MTL_FAST_MATH = YES;
				ONLY_ACTIVE_ARCH = YES;
				SDKROOT = iphoneos;
				SWIFT_ACTIVE_COMPILATION_CONDITIONS = DEBUG;
				SWIFT_OPTIMIZATION_LEVEL = "-Onone";
			};
			name = Debug;
		};
		A24BF4102AB33D8D004C9205 /* Release */ = {
			isa = XCBuildConfiguration;
			buildSettings = {
				ALWAYS_SEARCH_USER_PATHS = NO;
				CLANG_ANALYZER_NONNULL = YES;
				CLANG_ANALYZER_NUMBER_OBJECT_CONVERSION = YES_AGGRESSIVE;
				CLANG_CXX_LANGUAGE_STANDARD = "gnu++20";
				CLANG_ENABLE_MODULES = YES;
				CLANG_ENABLE_OBJC_ARC = YES;
				CLANG_ENABLE_OBJC_WEAK = YES;
				CLANG_WARN_BLOCK_CAPTURE_AUTORELEASING = YES;
				CLANG_WARN_BOOL_CONVERSION = YES;
				CLANG_WARN_COMMA = YES;
				CLANG_WARN_CONSTANT_CONVERSION = YES;
				CLANG_WARN_DEPRECATED_OBJC_IMPLEMENTATIONS = YES;
				CLANG_WARN_DIRECT_OBJC_ISA_USAGE = YES_ERROR;
				CLANG_WARN_DOCUMENTATION_COMMENTS = YES;
				CLANG_WARN_EMPTY_BODY = YES;
				CLANG_WARN_ENUM_CONVERSION = YES;
				CLANG_WARN_INFINITE_RECURSION = YES;
				CLANG_WARN_INT_CONVERSION = YES;
				CLANG_WARN_NON_LITERAL_NULL_CONVERSION = YES;
				CLANG_WARN_OBJC_IMPLICIT_RETAIN_SELF = YES;
				CLANG_WARN_OBJC_LITERAL_CONVERSION = YES;
				CLANG_WARN_OBJC_ROOT_CLASS = YES_ERROR;
				CLANG_WARN_QUOTED_INCLUDE_IN_FRAMEWORK_HEADER = YES;
				CLANG_WARN_RANGE_LOOP_ANALYSIS = YES;
				CLANG_WARN_STRICT_PROTOTYPES = YES;
				CLANG_WARN_SUSPICIOUS_MOVE = YES;
				CLANG_WARN_UNGUARDED_AVAILABILITY = YES_AGGRESSIVE;
				CLANG_WARN_UNREACHABLE_CODE = YES;
				CLANG_WARN__DUPLICATE_METHOD_MATCH = YES;
				COPY_PHASE_STRIP = NO;
				DEBUG_INFORMATION_FORMAT = "dwarf-with-dsym";
				ENABLE_NS_ASSERTIONS = NO;
				ENABLE_STRICT_OBJC_MSGSEND = YES;
				GCC_C_LANGUAGE_STANDARD = gnu11;
				GCC_NO_COMMON_BLOCKS = YES;
				GCC_WARN_64_TO_32_BIT_CONVERSION = YES;
				GCC_WARN_ABOUT_RETURN_TYPE = YES_ERROR;
				GCC_WARN_UNDECLARED_SELECTOR = YES;
				GCC_WARN_UNINITIALIZED_AUTOS = YES_AGGRESSIVE;
				GCC_WARN_UNUSED_FUNCTION = YES;
				GCC_WARN_UNUSED_VARIABLE = YES;
				IPHONEOS_DEPLOYMENT_TARGET = 16.4;
				MTL_ENABLE_DEBUG_INFO = NO;
				MTL_FAST_MATH = YES;
				SDKROOT = iphoneos;
				SWIFT_COMPILATION_MODE = wholemodule;
				SWIFT_OPTIMIZATION_LEVEL = "-O";
				VALIDATE_PRODUCT = YES;
			};
			name = Release;
		};
		A24BF4122AB33D8D004C9205 /* Debug */ = {
			isa = XCBuildConfiguration;
			buildSettings = {
				ASSETCATALOG_COMPILER_APPICON_NAME = AppIcon;
				ASSETCATALOG_COMPILER_GLOBAL_ACCENT_COLOR_NAME = AccentColor;
				CODE_SIGN_STYLE = Automatic;
				CURRENT_PROJECT_VERSION = 1;
				DEVELOPMENT_TEAM = F75Y2M3DZF;
				GENERATE_INFOPLIST_FILE = YES;
				INFOPLIST_FILE = SnapshotProblem/Info.plist;
				INFOPLIST_KEY_UIApplicationSupportsIndirectInputEvents = YES;
				INFOPLIST_KEY_UILaunchStoryboardName = LaunchScreen;
				INFOPLIST_KEY_UIMainStoryboardFile = Main;
				INFOPLIST_KEY_UISupportedInterfaceOrientations_iPad = "UIInterfaceOrientationPortrait UIInterfaceOrientationPortraitUpsideDown UIInterfaceOrientationLandscapeLeft UIInterfaceOrientationLandscapeRight";
				INFOPLIST_KEY_UISupportedInterfaceOrientations_iPhone = "UIInterfaceOrientationPortrait UIInterfaceOrientationLandscapeLeft UIInterfaceOrientationLandscapeRight";
				LD_RUNPATH_SEARCH_PATHS = (
					"$(inherited)",
					"@executable_path/Frameworks",
				);
				MARKETING_VERSION = 1.0;
				PRODUCT_BUNDLE_IDENTIFIER = com.AE.SnapshotProblem;
				PRODUCT_NAME = "$(TARGET_NAME)";
				SWIFT_EMIT_LOC_STRINGS = YES;
				SWIFT_VERSION = 5.0;
				TARGETED_DEVICE_FAMILY = "1,2";
			};
			name = Debug;
		};
		A24BF4132AB33D8D004C9205 /* Release */ = {
			isa = XCBuildConfiguration;
			buildSettings = {
				ASSETCATALOG_COMPILER_APPICON_NAME = AppIcon;
				ASSETCATALOG_COMPILER_GLOBAL_ACCENT_COLOR_NAME = AccentColor;
				CODE_SIGN_STYLE = Automatic;
				CURRENT_PROJECT_VERSION = 1;
				DEVELOPMENT_TEAM = F75Y2M3DZF;
				GENERATE_INFOPLIST_FILE = YES;
				INFOPLIST_FILE = SnapshotProblem/Info.plist;
				INFOPLIST_KEY_UIApplicationSupportsIndirectInputEvents = YES;
				INFOPLIST_KEY_UILaunchStoryboardName = LaunchScreen;
				INFOPLIST_KEY_UIMainStoryboardFile = Main;
				INFOPLIST_KEY_UISupportedInterfaceOrientations_iPad = "UIInterfaceOrientationPortrait UIInterfaceOrientationPortraitUpsideDown UIInterfaceOrientationLandscapeLeft UIInterfaceOrientationLandscapeRight";
				INFOPLIST_KEY_UISupportedInterfaceOrientations_iPhone = "UIInterfaceOrientationPortrait UIInterfaceOrientationLandscapeLeft UIInterfaceOrientationLandscapeRight";
				LD_RUNPATH_SEARCH_PATHS = (
					"$(inherited)",
					"@executable_path/Frameworks",
				);
				MARKETING_VERSION = 1.0;
				PRODUCT_BUNDLE_IDENTIFIER = com.AE.SnapshotProblem;
				PRODUCT_NAME = "$(TARGET_NAME)";
				SWIFT_EMIT_LOC_STRINGS = YES;
				SWIFT_VERSION = 5.0;
				TARGETED_DEVICE_FAMILY = "1,2";
			};
			name = Release;
		};
/* End XCBuildConfiguration section */

/* Begin XCConfigurationList section */
		A24BF3F82AB33D8B004C9205 /* Build configuration list for PBXProject "SnapshotProblem" */ = {
			isa = XCConfigurationList;
			buildConfigurations = (
				A24BF40F2AB33D8D004C9205 /* Debug */,
				A24BF4102AB33D8D004C9205 /* Release */,
			);
			defaultConfigurationIsVisible = 0;
			defaultConfigurationName = Release;
		};
		A24BF4112AB33D8D004C9205 /* Build configuration list for PBXNativeTarget "SnapshotProblem" */ = {
			isa = XCConfigurationList;
			buildConfigurations = (
				A24BF4122AB33D8D004C9205 /* Debug */,
				A24BF4132AB33D8D004C9205 /* Release */,
			);
			defaultConfigurationIsVisible = 0;
			defaultConfigurationName = Release;
		};
/* End XCConfigurationList section */
	};
	rootObject = A24BF3F52AB33D8B004C9205 /* Project object */;
}
